
Microsoft Visual Studio Solution File, Format Version 12.00
# Visual Studio Version 17
VisualStudioVersion = 17.11.35312.102
MinimumVisualStudioVersion = 10.0.40219.1
Project("{9A19103F-16F7-4668-BE54-9A1E7A4F7556}") = "WorkerApi", "WorkerApi\WorkerApi.csproj", "{39D2569E-0AD1-47DC-8098-16F17192D849}"
EndProject
Project("{9A19103F-16F7-4668-BE54-9A1E7A4F7556}") = "WorkerApiTests", "WorkerApiTests\WorkerApiTests.csproj", "{C371127A-1E33-40E3-A49F-F2E96C0554A1}"
EndProject
Global
	GlobalSection(SolutionConfigurationPlatforms) = preSolution
		Debug|Any CPU = Debug|Any CPU
		Release|Any CPU = Release|Any CPU
	EndGlobalSection
	GlobalSection(ProjectConfigurationPlatforms) = postSolution
		{39D2569E-0AD1-47DC-8098-16F17192D849}.Debug|Any CPU.ActiveCfg = Debug|Any CPU
		{39D2569E-0AD1-47DC-8098-16F17192D849}.Debug|Any CPU.Build.0 = Debug|Any CPU
		{39D2569E-0AD1-47DC-8098-16F17192D849}.Release|Any CPU.ActiveCfg = Release|Any CPU
		{39D2569E-0AD1-47DC-8098-16F17192D849}.Release|Any CPU.Build.0 = Release|Any CPU
		{C371127A-1E33-40E3-A49F-F2E96C0554A1}.Debug|Any CPU.ActiveCfg = Debug|Any CPU
		{C371127A-1E33-40E3-A49F-F2E96C0554A1}.Debug|Any CPU.Build.0 = Debug|Any CPU
		{C371127A-1E33-40E3-A49F-F2E96C0554A1}.Release|Any CPU.ActiveCfg = Release|Any CPU
		{C371127A-1E33-40E3-A49F-F2E96C0554A1}.Release|Any CPU.Build.0 = Release|Any CPU
	EndGlobalSection
	GlobalSection(SolutionProperties) = preSolution
		HideSolutionNode = FALSE
	EndGlobalSection
	GlobalSection(ExtensibilityGlobals) = postSolution
		SolutionGuid = {5690CA09-2787-4B3B-8389-6A60BA24391B}
	EndGlobalSection
EndGlobal
